
Microsoft Visual Studio Solution File, Format Version 12.00
# Visual Studio Version 17
VisualStudioVersion = 17.2.32516.85
MinimumVisualStudioVersion = 10.0.40219.1
Project("{9A19103F-16F7-4668-BE54-9A1E7A4F7556}") = "ManagementAngajati", "ManagementAngajati\ManagementAngajati.csproj", "{4F717131-CCDB-484E-8B6C-D30463824B39}"
EndProject
Project("{9A19103F-16F7-4668-BE54-9A1E7A4F7556}") = "TestsManagementAngajati", "ClassLibrary1\TestsManagementAngajati.csproj", "{F35DA3D6-7453-4E20-BC19-F38307DCFBAA}"
EndProject
Global
	GlobalSection(SolutionConfigurationPlatforms) = preSolution
		Debug|Any CPU = Debug|Any CPU
		Release|Any CPU = Release|Any CPU
	EndGlobalSection
	GlobalSection(ProjectConfigurationPlatforms) = postSolution
		{4F717131-CCDB-484E-8B6C-D30463824B39}.Debug|Any CPU.ActiveCfg = Debug|Any CPU
		{4F717131-CCDB-484E-8B6C-D30463824B39}.Debug|Any CPU.Build.0 = Debug|Any CPU
		{4F717131-CCDB-484E-8B6C-D30463824B39}.Release|Any CPU.ActiveCfg = Release|Any CPU
		{4F717131-CCDB-484E-8B6C-D30463824B39}.Release|Any CPU.Build.0 = Release|Any CPU
		{F35DA3D6-7453-4E20-BC19-F38307DCFBAA}.Debug|Any CPU.ActiveCfg = Debug|Any CPU
		{F35DA3D6-7453-4E20-BC19-F38307DCFBAA}.Debug|Any CPU.Build.0 = Debug|Any CPU
		{F35DA3D6-7453-4E20-BC19-F38307DCFBAA}.Release|Any CPU.ActiveCfg = Release|Any CPU
		{F35DA3D6-7453-4E20-BC19-F38307DCFBAA}.Release|Any CPU.Build.0 = Release|Any CPU
	EndGlobalSection
	GlobalSection(SolutionProperties) = preSolution
		HideSolutionNode = FALSE
	EndGlobalSection
	GlobalSection(ExtensibilityGlobals) = postSolution
		SolutionGuid = {86E72104-9820-406E-A47F-718809126B90}
	EndGlobalSection
EndGlobal
